<?xml version="1.0" encoding="UTF-8" standalone="yes" ?>
<CodeBlocks_project_file>
	<FileVersion major="1" minor="6" />
	<Project>
		<Option title="NotBeatSaber" />
		<Option pch_mode="2" />
		<Option compiler="gcc" />
		<Build>
			<Target title="Debug">
				<Option output="bin/Debug/NotBeatSaber" prefix_auto="1" extension_auto="1" />
				<Option object_output="obj/Debug/" />
				<Option type="1" />
				<Option compiler="gcc" />
				<Compiler>
					<Add option="-g" />
					<Add directory="include" />
				</Compiler>
			</Target>
			<Target title="Release">
				<Option output="bin/Release/NotBeatSaber" prefix_auto="1" extension_auto="1" />
				<Option object_output="obj/Release/" />
				<Option type="0" />
				<Option compiler="gcc" />
				<Compiler>
					<Add option="-O2" />
					<Add directory="include" />
				</Compiler>
				<Linker>
					<Add option="-s" />
				</Linker>
			</Target>
		</Build>
		<Compiler>
			<Add option="-Wall" />
			<Add directory="C:/Program Files (x86)/CodeBlocks/SDL2-2.0.14/i686-w64-mingw32/include" />
		</Compiler>
		<Linker>
			<Add library="mingw32" />
			<Add library="SDL2main" />
			<Add library="SDL2.dll" />
			<Add library="user32" />
			<Add library="gdi32" />
			<Add library="winmm" />
			<Add library="dxguid" />
			<Add directory="C:/Program Files (x86)/CodeBlocks/SDL2-2.0.14/i686-w64-mingw32/lib" />
		</Linker>
		<ExtraCommands>
			<Add after="XCOPY $(#sdl2)\bin\*.dll $(TARGET_OUTPUT_DIR) /D /Y" />
		</ExtraCommands>
		<Unit filename="include/Block.h" />
		<Unit filename="include/ColorUtility.h" />
		<Unit filename="include/DrawingUtility.h" />
		<Unit filename="include/GameObject.h" />
		<Unit filename="include/Global.h" />
		<Unit filename="include/Line.h" />
		<Unit filename="include/Pattern.h" />
		<Unit filename="include/Transform.h" />
		<Unit filename="src/Block.cpp" />
		<Unit filename="src/ColorUtility.cpp" />
		<Unit filename="src/DrawingUtility.cpp" />
		<Unit filename="src/GameObject.cpp" />
		<Unit filename="src/Global.cpp" />
		<Unit filename="src/Line.cpp" />
		<Unit filename="src/Pattern.cpp" />
		<Unit filename="src/Transform.cpp" />
		<Unit filename="src/main.cpp" />
		<Extensions />
	</Project>
</CodeBlocks_project_file>
